{
  "name": "prat",
  "version": "1.0.0",
  "dependencies": {
    "coffee-script": {
      "version": "1.6.3",
      "from": "coffee-script@1.6.x"
    },
    "stylus": {
      "version": "0.32.1",
      "from": "stylus@0.32.x",
      "resolved": "https://registry.npmjs.org/stylus/-/stylus-0.32.1.tgz",
      "dependencies": {
        "cssom": {
          "version": "0.2.5",
          "from": "cssom@0.2.x",
          "resolved": "https://registry.npmjs.org/cssom/-/cssom-0.2.5.tgz"
        },
        "mkdirp": {
          "version": "0.3.5",
          "from": "mkdirp@0.3.x",
          "resolved": "https://registry.npmjs.org/mkdirp/-/mkdirp-0.3.5.tgz"
        },
        "debug": {
          "version": "0.7.2",
          "from": "debug@*",
          "resolved": "https://registry.npmjs.org/debug/-/debug-0.7.2.tgz"
        }
      }
    },
    "nib": {
      "version": "0.9.1",
      "from": "nib@0.9.1",
      "resolved": "https://registry.npmjs.org/nib/-/nib-0.9.1.tgz"
    },
    "uglify-js": {
      "version": "2.3.6",
      "from": "uglify-js@2.3.6",
      "resolved": "https://registry.npmjs.org/uglify-js/-/uglify-js-2.3.6.tgz",
      "dependencies": {
        "async": {
          "version": "0.2.9",
          "from": "async@~0.2.6"
        },
        "source-map": {
          "version": "0.1.23",
          "from": "source-map@~0.1.7",
          "resolved": "https://registry.npmjs.org/source-map/-/source-map-0.1.23.tgz",
          "dependencies": {
            "amdefine": {
              "version": "0.0.5",
              "from": "amdefine@>=0.0.4"
            }
          }
        },
        "optimist": {
          "version": "0.3.7",
          "from": "optimist@~0.3.5",
          "dependencies": {
            "wordwrap": {
              "version": "0.0.2",
              "from": "wordwrap@~0.0.2"
            }
          }
        }
      }
    },
    "bower": {
      "version": "1.2.8",
      "from": "bower@1.2.8",
      "resolved": "https://registry.npmjs.org/bower/-/bower-1.2.8.tgz",
      "dependencies": {
        "abbrev": {
          "version": "1.0.4",
          "from": "abbrev@~1.0.4"
        },
        "archy": {
          "version": "0.0.2",
          "from": "archy@0.0.2",
          "resolved": "https://registry.npmjs.org/archy/-/archy-0.0.2.tgz"
        },
        "bower-config": {
          "version": "0.5.0",
          "from": "bower-config@~0.5.0",
          "dependencies": {
            "mout": {
              "version": "0.6.0",
              "from": "mout@~0.6.0"
            },
            "optimist": {
              "version": "0.6.0",
              "from": "optimist@~0.6.0",
              "dependencies": {
                "wordwrap": {
                  "version": "0.0.2",
                  "from": "wordwrap@~0.0.2"
                },
                "minimist": {
                  "version": "0.0.5",
                  "from": "minimist@~0.0.1"
                }
              }
            }
          }
        },
        "bower-endpoint-parser": {
          "version": "0.2.1",
          "from": "bower-endpoint-parser@~0.2.0"
        },
        "bower-json": {
          "version": "0.4.0",
          "from": "bower-json@~0.4.0",
          "dependencies": {
            "deep-extend": {
              "version": "0.2.6",
              "from": "deep-extend@~0.2.5"
            },
            "intersect": {
              "version": "0.0.3",
              "from": "intersect@~0.0.3"
            }
          }
        },
        "bower-logger": {
          "version": "0.2.1",
          "from": "bower-logger@~0.2.1"
        },
        "bower-registry-client": {
          "version": "0.1.6",
          "from": "bower-registry-client@~0.1.4",
          "resolved": "https://registry.npmjs.org/bower-registry-client/-/bower-registry-client-0.1.6.tgz",
          "dependencies": {
            "async": {
              "version": "0.2.9",
              "from": "async@~0.2.8"
            },
            "bower-config": {
              "version": "0.4.5",
              "from": "bower-config@~0.4.3",
              "dependencies": {
                "mout": {
                  "version": "0.6.0",
                  "from": "mout@~0.6.0"
                },
                "optimist": {
                  "version": "0.6.0",
                  "from": "optimist@~0.6.0",
                  "dependencies": {
                    "wordwrap": {
                      "version": "0.0.2",
                      "from": "wordwrap@~0.0.2"
                    },
                    "minimist": {
                      "version": "0.0.5",
                      "from": "minimist@~0.0.1"
                    }
                  }
                }
              }
            },
            "request-replay": {
              "version": "0.2.0",
              "from": "request-replay@~0.2.0"
            }
          }
        },
        "cardinal": {
          "version": "0.4.4",
          "from": "cardinal@~0.4.0",
          "resolved": "https://registry.npmjs.org/cardinal/-/cardinal-0.4.4.tgz",
          "dependencies": {
            "redeyed": {
              "version": "0.4.2",
              "from": "redeyed@~0.4.0",
              "dependencies": {
                "esprima": {
                  "version": "1.0.4",
                  "from": "esprima@~1.0.0"
                }
              }
            },
            "ansicolors": {
              "version": "0.2.1",
              "from": "ansicolors@~0.2.1"
            }
          }
        },
        "chalk": {
          "version": "0.2.1",
          "from": "chalk@~0.2.0",
          "dependencies": {
            "has-color": {
              "version": "0.1.2",
              "from": "has-color@~0.1.0",
              "resolved": "https://registry.npmjs.org/has-color/-/has-color-0.1.2.tgz"
            },
            "ansi-styles": {
              "version": "0.2.0",
              "from": "ansi-styles@~0.2.0"
            }
          }
        },
        "chmodr": {
          "version": "0.1.0",
          "from": "chmodr@~0.1.0"
        },
        "decompress-zip": {
          "version": "0.0.4",
          "from": "decompress-zip@~0.0.3",
          "resolved": "https://registry.npmjs.org/decompress-zip/-/decompress-zip-0.0.4.tgz",
          "dependencies": {
            "mkpath": {
              "version": "0.1.0",
              "from": "mkpath@~0.1.0",
              "resolved": "https://registry.npmjs.org/mkpath/-/mkpath-0.1.0.tgz"
            },
            "binary": {
              "version": "0.3.0",
              "from": "binary@~0.3.0",
              "dependencies": {
                "chainsaw": {
                  "version": "0.1.0",
                  "from": "chainsaw@~0.1.0",
                  "dependencies": {
                    "traverse": {
                      "version": "0.3.9",
                      "from": "traverse@>=0.3.0 <0.4"
                    }
                  }
                },
                "buffers": {
                  "version": "0.1.1",
                  "from": "buffers@~0.1.1"
                }
              }
            },
            "touch": {
              "version": "0.0.2",
              "from": "touch@0.0.2",
              "resolved": "https://registry.npmjs.org/touch/-/touch-0.0.2.tgz",
              "dependencies": {
                "nopt": {
                  "version": "1.0.10",
                  "from": "nopt@~1.0.10"
                }
              }
            },
            "readable-stream": {
              "version": "1.1.10",
              "from": "readable-stream@~1.1.8",
              "resolved": "https://registry.npmjs.org/readable-stream/-/readable-stream-1.1.10.tgz",
              "dependencies": {
                "core-util-is": {
                  "version": "1.0.1",
                  "from": "core-util-is@~1.0.0",
                  "resolved": "https://registry.npmjs.org/core-util-is/-/core-util-is-1.0.1.tgz"
                },
                "debuglog": {
                  "version": "0.0.2",
                  "from": "debuglog@0.0.2",
                  "resolved": "https://registry.npmjs.org/debuglog/-/debuglog-0.0.2.tgz"
                }
              }
            }
          }
        },
        "fstream": {
          "version": "0.1.25",
          "from": "fstream@~0.1.22",
          "resolved": "https://registry.npmjs.org/fstream/-/fstream-0.1.25.tgz",
          "dependencies": {
            "inherits": {
              "version": "2.0.1",
              "from": "inherits@~2.0.0"
            }
          }
        },
        "fstream-ignore": {
          "version": "0.0.7",
          "from": "fstream-ignore@~0.0.6",
          "dependencies": {
            "minimatch": {
              "version": "0.2.14",
              "from": "minimatch@~0.2.11",
              "resolved": "https://registry.npmjs.org/minimatch/-/minimatch-0.2.14.tgz",
              "dependencies": {
                "sigmund": {
                  "version": "1.0.0",
                  "from": "sigmund@~1.0.0"
                }
              }
            },
            "inherits": {
              "version": "2.0.1",
              "from": "inherits@~2.0.0"
            }
          }
        },
        "glob": {
          "version": "3.2.8",
          "from": "glob@~3.2.1",
          "resolved": "https://registry.npmjs.org/glob/-/glob-3.2.8.tgz",
          "dependencies": {
            "minimatch": {
              "version": "0.2.14",
              "from": "minimatch@~0.2.11",
              "resolved": "https://registry.npmjs.org/minimatch/-/minimatch-0.2.14.tgz",
              "dependencies": {
                "sigmund": {
                  "version": "1.0.0",
                  "from": "sigmund@~1.0.0"
                }
              }
            },
            "inherits": {
              "version": "2.0.1",
              "from": "inherits@~2.0.0"
            }
          }
        },
        "graceful-fs": {
          "version": "2.0.1",
          "from": "graceful-fs@~2.0.0"
        },
        "handlebars": {
          "version": "1.0.12",
          "from": "handlebars@~1.0.11",
          "dependencies": {
            "optimist": {
              "version": "0.3.7",
              "from": "optimist@~0.3",
              "dependencies": {
                "wordwrap": {
                  "version": "0.0.2",
                  "from": "wordwrap@~0.0.2"
                }
              }
            }
          }
        },
        "inquirer": {
          "version": "0.3.5",
          "from": "inquirer@~0.3.0",
          "resolved": "https://registry.npmjs.org/inquirer/-/inquirer-0.3.5.tgz",
          "dependencies": {
            "lodash": {
              "version": "1.2.1",
              "from": "lodash@~1.2.1"
            },
            "async": {
              "version": "0.2.9",
              "from": "async@~0.2.8"
            },
            "cli-color": {
              "version": "0.2.3",
              "from": "cli-color@~0.2.2",
              "dependencies": {
                "es5-ext": {
                  "version": "0.9.2",
                  "from": "es5-ext@~0.9.2"
                },
                "memoizee": {
                  "version": "0.2.6",
                  "from": "memoizee@~0.2.5",
                  "dependencies": {
                    "event-emitter": {
                      "version": "0.2.2",
                      "from": "event-emitter@~0.2.2"
                    },
                    "next-tick": {
                      "version": "0.1.0",
                      "from": "next-tick@0.1.x"
                    }
                  }
                }
              }
            },
            "mute-stream": {
              "version": "0.0.3",
              "from": "mute-stream@0.0.3",
              "resolved": "https://registry.npmjs.org/mute-stream/-/mute-stream-0.0.3.tgz"
            }
          }
        },
        "junk": {
          "version": "0.2.2",
          "from": "junk@~0.2.0",
          "resolved": "https://registry.npmjs.org/junk/-/junk-0.2.2.tgz"
        },
        "mkdirp": {
          "version": "0.3.5",
          "from": "mkdirp@~0.3.5"
        },
        "mout": {
          "version": "0.7.1",
          "from": "mout@~0.7.0"
        },
        "nopt": {
          "version": "2.1.2",
          "from": "nopt@~2.1.1"
        },
        "lru-cache": {
          "version": "2.3.1",
          "from": "lru-cache@~2.3.0"
        },
        "open": {
          "version": "0.0.4",
          "from": "open@~0.0.3"
        },
        "osenv": {
          "version": "0.0.3",
          "from": "osenv@0.0.3",
          "resolved": "https://registry.npmjs.org/osenv/-/osenv-0.0.3.tgz"
        },
        "promptly": {
          "version": "0.2.0",
          "from": "promptly@~0.2.0",
          "dependencies": {
            "read": {
              "version": "1.0.5",
              "from": "read@~1.0.4",
              "dependencies": {
                "mute-stream": {
                  "version": "0.0.4",
                  "from": "mute-stream@~0.0.4"
                }
              }
            }
          }
        },
        "q": {
          "version": "0.9.7",
          "from": "q@~0.9.2"
        },
        "request": {
          "version": "2.27.0",
          "from": "request@~2.27.0",
          "dependencies": {
            "qs": {
              "version": "0.6.6",
              "from": "qs@~0.6.0",
              "resolved": "https://registry.npmjs.org/qs/-/qs-0.6.6.tgz"
            },
            "json-stringify-safe": {
              "version": "5.0.0",
              "from": "json-stringify-safe@~5.0.0"
            },
            "forever-agent": {
              "version": "0.5.0",
              "from": "forever-agent@~0.5.0"
            },
            "tunnel-agent": {
              "version": "0.3.0",
              "from": "tunnel-agent@~0.3.0"
            },
            "http-signature": {
              "version": "0.10.0",
              "from": "http-signature@~0.10.0",
              "dependencies": {
                "assert-plus": {
                  "version": "0.1.2",
                  "from": "assert-plus@0.1.2",
                  "resolved": "https://registry.npmjs.org/assert-plus/-/assert-plus-0.1.2.tgz"
                },
                "asn1": {
                  "version": "0.1.11",
                  "from": "asn1@0.1.11",
                  "resolved": "https://registry.npmjs.org/asn1/-/asn1-0.1.11.tgz"
                },
                "ctype": {
                  "version": "0.5.2",
                  "from": "ctype@0.5.2",
                  "resolved": "https://registry.npmjs.org/ctype/-/ctype-0.5.2.tgz"
                }
              }
            },
            "hawk": {
              "version": "1.0.0",
              "from": "hawk@~1.0.0",
              "dependencies": {
                "hoek": {
                  "version": "0.9.1",
                  "from": "hoek@0.9.x"
                },
                "boom": {
                  "version": "0.4.2",
                  "from": "boom@0.4.x"
                },
                "cryptiles": {
                  "version": "0.2.2",
                  "from": "cryptiles@0.2.x"
                },
                "sntp": {
                  "version": "0.2.4",
                  "from": "sntp@0.2.x"
                }
              }
            },
            "aws-sign": {
              "version": "0.3.0",
              "from": "aws-sign@~0.3.0"
            },
            "oauth-sign": {
              "version": "0.3.0",
              "from": "oauth-sign@~0.3.0"
            },
            "cookie-jar": {
              "version": "0.3.0",
              "from": "cookie-jar@~0.3.0"
            },
            "node-uuid": {
              "version": "1.4.1",
              "from": "node-uuid@~1.4.0"
            },
            "mime": {
              "version": "1.2.11",
              "from": "mime@~1.2.9"
            },
            "form-data": {
              "version": "0.1.2",
              "from": "form-data@~0.1.0",
              "dependencies": {
                "combined-stream": {
                  "version": "0.0.4",
                  "from": "combined-stream@~0.0.4",
                  "dependencies": {
                    "delayed-stream": {
                      "version": "0.0.5",
                      "from": "delayed-stream@0.0.5",
                      "resolved": "https://registry.npmjs.org/delayed-stream/-/delayed-stream-0.0.5.tgz"
                    }
                  }
                },
                "async": {
                  "version": "0.2.9",
                  "from": "async@~0.2.9"
                }
              }
            }
          }
        },
        "request-progress": {
          "version": "0.3.1",
          "from": "request-progress@~0.3.0",
          "dependencies": {
            "throttleit": {
              "version": "0.0.2",
              "from": "throttleit@~0.0.2"
            }
          }
        },
        "retry": {
          "version": "0.6.0",
          "from": "retry@~0.6.0"
        },
        "rimraf": {
          "version": "2.2.5",
          "from": "rimraf@~2.2.0",
          "resolved": "https://registry.npmjs.org/rimraf/-/rimraf-2.2.5.tgz"
        },
        "semver": {
          "version": "2.1.0",
          "from": "semver@~2.1.0"
        },
        "stringify-object": {
          "version": "0.1.7",
          "from": "stringify-object@~0.1.4"
        },
        "sudo-block": {
          "version": "0.2.1",
          "from": "sudo-block@~0.2.0",
          "dependencies": {
            "chalk": {
              "version": "0.1.1",
              "from": "chalk@~0.1.1",
              "dependencies": {
                "has-color": {
                  "version": "0.1.2",
                  "from": "has-color@~0.1.0",
                  "resolved": "https://registry.npmjs.org/has-color/-/has-color-0.1.2.tgz"
                },
                "ansi-styles": {
                  "version": "0.1.2",
                  "from": "ansi-styles@~0.1.0"
                }
              }
            }
          }
        },
        "tar": {
          "version": "0.1.19",
          "from": "tar@~0.1.17",
          "resolved": "https://registry.npmjs.org/tar/-/tar-0.1.19.tgz",
          "dependencies": {
            "inherits": {
              "version": "2.0.1",
              "from": "inherits@~2.0.0"
            },
            "block-stream": {
              "version": "0.0.7",
              "from": "block-stream@*"
            }
          }
        },
        "tmp": {
          "version": "0.0.23",
          "from": "tmp@~0.0.20",
          "resolved": "https://registry.npmjs.org/tmp/-/tmp-0.0.23.tgz"
        },
        "update-notifier": {
          "version": "0.1.7",
          "from": "update-notifier@~0.1.3",
          "resolved": "https://registry.npmjs.org/update-notifier/-/update-notifier-0.1.7.tgz",
          "dependencies": {
            "configstore": {
              "version": "0.1.7",
              "from": "configstore@~0.1.0",
              "resolved": "https://registry.npmjs.org/configstore/-/configstore-0.1.7.tgz",
              "dependencies": {
                "lodash": {
                  "version": "2.4.1",
                  "from": "lodash@~2.4.1",
                  "resolved": "https://registry.npmjs.org/lodash/-/lodash-2.4.1.tgz"
                },
                "js-yaml": {
                  "version": "2.1.3",
                  "from": "js-yaml@~2.1.0",
                  "dependencies": {
                    "argparse": {
                      "version": "0.1.15",
                      "from": "argparse@~ 0.1.11",
                      "dependencies": {
                        "underscore": {
                          "version": "1.4.4",
                          "from": "underscore@~1.4.3"
                        },
                        "underscore.string": {
                          "version": "2.3.3",
                          "from": "underscore.string@~2.3.1"
                        }
                      }
                    },
                    "esprima": {
                      "version": "1.0.4",
                      "from": "esprima@~ 1.0.2"
                    }
                  }
                }
              }
            }
          }
        },
        "which": {
          "version": "1.0.5",
          "from": "which@~1.0.5"
        },
        "p-throttler": {
          "version": "0.0.1",
          "from": "p-throttler@~0.0.1",
          "resolved": "https://registry.npmjs.org/p-throttler/-/p-throttler-0.0.1.tgz"
        }
      }
    }
  }
}
