{
  "dependencies": {
    "coffee-script": {
      "version": "1.6.3",
      "from": "coffee-script@1.6.x"
    },
    "stylus": {
      "version": "0.32.1",
      "from": "stylus@0.32.x",
      "resolved": "https://registry.npmjs.org/stylus/-/stylus-0.32.1.tgz",
      "dependencies": {
        "cssom": {
          "version": "0.2.5",
          "from": "cssom@0.2.x",
          "resolved": "https://registry.npmjs.org/cssom/-/cssom-0.2.5.tgz"
        },
        "mkdirp": {
          "version": "0.3.5",
          "from": "mkdirp@0.3.x",
          "resolved": "https://registry.npmjs.org/mkdirp/-/mkdirp-0.3.5.tgz"
        },
        "debug": {
          "version": "0.7.2",
          "from": "debug@*",
          "resolved": "https://registry.npmjs.org/debug/-/debug-0.7.2.tgz"
        }
      }
    },
    "nib": {
      "version": "0.9.1",
      "from": "nib@0.9.1",
      "resolved": "https://registry.npmjs.org/nib/-/nib-0.9.1.tgz"
    },
    "uglify-js": {
      "version": "2.2.5",
      "from": "uglify-js@2.2.5",
      "resolved": "https://registry.npmjs.org/uglify-js/-/uglify-js-2.2.5.tgz",
      "dependencies": {
        "source-map": {
          "version": "0.1.22",
          "from": "source-map@~0.1.7",
          "resolved": "https://registry.npmjs.org/source-map/-/source-map-0.1.22.tgz",
          "dependencies": {
            "amdefine": {
              "version": "0.0.5",
              "from": "amdefine@>=0.0.4",
              "resolved": "https://registry.npmjs.org/amdefine/-/amdefine-0.0.5.tgz"
            }
          }
        },
        "optimist": {
          "version": "0.3.7",
          "from": "optimist@~0.3.5",
          "resolved": "https://registry.npmjs.org/optimist/-/optimist-0.3.7.tgz",
          "dependencies": {
            "wordwrap": {
              "version": "0.0.2",
              "from": "wordwrap@~0.0.2",
              "resolved": "https://registry.npmjs.org/wordwrap/-/wordwrap-0.0.2.tgz"
            }
          }
        }
      }
    }
  }
}
